
Microsoft Visual Studio Solution File, Format Version 12.00
# Visual Studio Version 17
VisualStudioVersion = 17.0.31903.59
MinimumVisualStudioVersion = 10.0.40219.1
Project("{2150E333-8FDC-42A3-9474-1A3956D46DE8}") = "StringCalculator", "StringCalculator", "{BD088C0E-AA81-4124-A1B3-67CFDCE41A71}"
EndProject
Project("{2150E333-8FDC-42A3-9474-1A3956D46DE8}") = "src", "src", "{48B9F16A-B46F-40C2-A122-643BE567881C}"
EndProject
Project("{FAE04EC0-301F-11D3-BF4B-00C04F79EFBC}") = "StringCalculator", "StringCalculator\src\StringCalculator\StringCalculator.csproj", "{D26FD847-3C77-46BE-B19E-0C1F08E8804E}"
EndProject
Project("{2150E333-8FDC-42A3-9474-1A3956D46DE8}") = "tests", "tests", "{A8DA153C-F7D5-446B-BA7B-06535EF3842C}"
EndProject
Project("{FAE04EC0-301F-11D3-BF4B-00C04F79EFBC}") = "StringCalculator.Tests", "StringCalculator\tests\StringCalculator.Tests\StringCalculator.Tests.csproj", "{79A08ED4-DB4A-411F-AECA-37627095B40E}"
EndProject
Project("{2150E333-8FDC-42A3-9474-1A3956D46DE8}") = "MarsRover", "MarsRover", "{A8578B5E-96D7-4516-A08B-B1FF955B0E39}"
EndProject
Project("{FAE04EC0-301F-11D3-BF4B-00C04F79EFBC}") = "MarsRover.Domain", "MarsRover\MarsRover.Domain\MarsRover.Domain.csproj", "{1DCD5548-F9DD-4647-9079-B15CADF55767}"
EndProject
Project("{FAE04EC0-301F-11D3-BF4B-00C04F79EFBC}") = "MarsRover.Tests", "MarsRover\MarsRover.Tests\MarsRover.Tests.csproj", "{9CACD78E-E108-41CA-B5A7-6961AA36C5AF}"
EndProject
Global
	GlobalSection(SolutionConfigurationPlatforms) = preSolution
		Debug|Any CPU = Debug|Any CPU
		Release|Any CPU = Release|Any CPU
	EndGlobalSection
	GlobalSection(SolutionProperties) = preSolution
		HideSolutionNode = FALSE
	EndGlobalSection
	GlobalSection(ProjectConfigurationPlatforms) = postSolution
		{D26FD847-3C77-46BE-B19E-0C1F08E8804E}.Debug|Any CPU.ActiveCfg = Debug|Any CPU
		{D26FD847-3C77-46BE-B19E-0C1F08E8804E}.Debug|Any CPU.Build.0 = Debug|Any CPU
		{D26FD847-3C77-46BE-B19E-0C1F08E8804E}.Release|Any CPU.ActiveCfg = Release|Any CPU
		{D26FD847-3C77-46BE-B19E-0C1F08E8804E}.Release|Any CPU.Build.0 = Release|Any CPU
		{79A08ED4-DB4A-411F-AECA-37627095B40E}.Debug|Any CPU.ActiveCfg = Debug|Any CPU
		{79A08ED4-DB4A-411F-AECA-37627095B40E}.Debug|Any CPU.Build.0 = Debug|Any CPU
		{79A08ED4-DB4A-411F-AECA-37627095B40E}.Release|Any CPU.ActiveCfg = Release|Any CPU
		{79A08ED4-DB4A-411F-AECA-37627095B40E}.Release|Any CPU.Build.0 = Release|Any CPU
		{1DCD5548-F9DD-4647-9079-B15CADF55767}.Debug|Any CPU.ActiveCfg = Debug|Any CPU
		{1DCD5548-F9DD-4647-9079-B15CADF55767}.Debug|Any CPU.Build.0 = Debug|Any CPU
		{1DCD5548-F9DD-4647-9079-B15CADF55767}.Release|Any CPU.ActiveCfg = Release|Any CPU
		{1DCD5548-F9DD-4647-9079-B15CADF55767}.Release|Any CPU.Build.0 = Release|Any CPU
		{9CACD78E-E108-41CA-B5A7-6961AA36C5AF}.Debug|Any CPU.ActiveCfg = Debug|Any CPU
		{9CACD78E-E108-41CA-B5A7-6961AA36C5AF}.Debug|Any CPU.Build.0 = Debug|Any CPU
		{9CACD78E-E108-41CA-B5A7-6961AA36C5AF}.Release|Any CPU.ActiveCfg = Release|Any CPU
		{9CACD78E-E108-41CA-B5A7-6961AA36C5AF}.Release|Any CPU.Build.0 = Release|Any CPU
	EndGlobalSection
	GlobalSection(NestedProjects) = preSolution
		{48B9F16A-B46F-40C2-A122-643BE567881C} = {BD088C0E-AA81-4124-A1B3-67CFDCE41A71}
		{D26FD847-3C77-46BE-B19E-0C1F08E8804E} = {48B9F16A-B46F-40C2-A122-643BE567881C}
		{A8DA153C-F7D5-446B-BA7B-06535EF3842C} = {BD088C0E-AA81-4124-A1B3-67CFDCE41A71}
		{79A08ED4-DB4A-411F-AECA-37627095B40E} = {A8DA153C-F7D5-446B-BA7B-06535EF3842C}
		{1DCD5548-F9DD-4647-9079-B15CADF55767} = {A8578B5E-96D7-4516-A08B-B1FF955B0E39}
		{9CACD78E-E108-41CA-B5A7-6961AA36C5AF} = {A8578B5E-96D7-4516-A08B-B1FF955B0E39}
	EndGlobalSection
EndGlobal
